
Microsoft Visual Studio Solution File, Format Version 12.00
# Visual Studio Version 17
VisualStudioVersion = 17.14.36518.9 d17.14
MinimumVisualStudioVersion = 10.0.40219.1
Project("{888888A0-9F3D-457C-B088-3A5042F75D52}") = "web20", "web20\web20.pyproj", "{4958EAA0-17F3-453D-AC94-5B7D6168EBB7}"
EndProject
Global
	GlobalSection(SolutionConfigurationPlatforms) = preSolution
		Debug|Any CPU = Debug|Any CPU
		Release|Any CPU = Release|Any CPU
	EndGlobalSection
	GlobalSection(ProjectConfigurationPlatforms) = postSolution
		{4958EAA0-17F3-453D-AC94-5B7D6168EBB7}.Debug|Any CPU.ActiveCfg = Debug|Any CPU
		{4958EAA0-17F3-453D-AC94-5B7D6168EBB7}.Debug|Any CPU.Build.0 = Debug|Any CPU
		{4958EAA0-17F3-453D-AC94-5B7D6168EBB7}.Release|Any CPU.ActiveCfg = Release|Any CPU
		{4958EAA0-17F3-453D-AC94-5B7D6168EBB7}.Release|Any CPU.Build.0 = Release|Any CPU
	EndGlobalSection
	GlobalSection(SolutionProperties) = preSolution
		HideSolutionNode = FALSE
	EndGlobalSection
	GlobalSection(ExtensibilityGlobals) = postSolution
		SolutionGuid = {4ECD7108-6E09-4845-A597-25ACC4CB5340}
	EndGlobalSection
EndGlobal
